<?xml version="1.0" encoding="utf-8"?>
<Project ToolsVersion="4.0" xmlns="http://schemas.microsoft.com/developer/msbuild/2003">
  <ItemGroup>
    <Filter Include="Source Files">
      <UniqueIdentifier>{4FC737F1-C7A5-4376-A066-2A32D752A2FF}</UniqueIdentifier>
      <Extensions>cpp;c;cc;cxx;c++;cppm;ixx;def;odl;idl;hpj;bat;asm;asmx</Extensions>
    </Filter>
    <Filter Include="Header Files">
      <UniqueIdentifier>{93995380-89BD-4b04-88EB-625FBE52EBFB}</UniqueIdentifier>
      <Extensions>h;hh;hpp;hxx;h++;hm;inl;inc;ipp;xsd</Extensions>
    </Filter>
    <Filter Include="Resource Files">
      <UniqueIdentifier>{67DA6AB6-F800-4c08-8B7A-83BB121AAD01}</UniqueIdentifier>
      <Extensions>rc;ico;cur;bmp;dlg;rc2;rct;bin;rgs;gif;jpg;jpeg;jpe;resx;tiff;tif;png;wav;mfcribbon-ms</Extensions>
    </Filter>
  </ItemGroup>
  <ItemGroup>
    <ClCompile Include="CPxFoundation.cpp">
      <Filter>Source Files</Filter>
    </ClCompile>
    <ClCompile Include="CPxPvd.cpp">
      <Filter>Source Files</Filter>
    </ClCompile>
    <ClCompile Include="CPxPvdTransport.cpp">
      <Filter>Source Files</Filter>
    </ClCompile>
    <ClCompile Include="CPxTolerancesScale.cpp">
      <Filter>Source Files</Filter>
    </ClCompile>
    <ClCompile Include="CPxPhysics.cpp">
      <Filter>Source Files</Filter>
    </ClCompile>
    <ClCompile Include="CPxSceneDesc.cpp">
      <Filter>Source Files</Filter>
    </ClCompile>
    <ClCompile Include="CPxVec3.cpp">
      <Filter>Source Files</Filter>
    </ClCompile>
    <ClCompile Include="CPxDefaultCpuDispatcher.cpp">
      <Filter>Source Files</Filter>
    </ClCompile>
    <ClCompile Include="CPxCpuDispatcher.cpp">
      <Filter>Source Files</Filter>
    </ClCompile>
    <ClCompile Include="CPxScene.cpp">
      <Filter>Source Files</Filter>
    </ClCompile>
    <ClCompile Include="CPxPvdSceneClient.cpp">
      <Filter>Source Files</Filter>
    </ClCompile>
    <ClCompile Include="CPxMaterial.cpp">
      <Filter>Source Files</Filter>
    </ClCompile>
    <ClCompile Include="CPxPlane.cpp">
      <Filter>Source Files</Filter>
    </ClCompile>
    <ClCompile Include="CPxRigidStatic.cpp">
      <Filter>Source Files</Filter>
    </ClCompile>
    <ClCompile Include="CPxActor.cpp">
      <Filter>Source Files</Filter>
    </ClCompile>
    <ClCompile Include="CPxSphereGeometry.cpp">
      <Filter>Source Files</Filter>
    </ClCompile>
    <ClCompile Include="CPxGeometry.cpp">
      <Filter>Source Files</Filter>
    </ClCompile>
    <ClCompile Include="CPxBoxGeometry.cpp">
      <Filter>Source Files</Filter>
    </ClCompile>
    <ClCompile Include="CPxQuat.cpp">
      <Filter>Source Files</Filter>
    </ClCompile>
    <ClCompile Include="CPxTransform.cpp">
      <Filter>Source Files</Filter>
    </ClCompile>
    <ClCompile Include="CPxRigidDynamic.cpp">
      <Filter>Source Files</Filter>
    </ClCompile>
    <ClCompile Include="CExtSimpleFactory.cpp">
      <Filter>Source Files</Filter>
    </ClCompile>
    <ClCompile Include="CPxCapsuleGeometry.cpp">
      <Filter>Source Files</Filter>
    </ClCompile>
    <ClCompile Include="CPxRigidActorExt.cpp">
      <Filter>Source Files</Filter>
    </ClCompile>
    <ClCompile Include="CPxRigidActor.cpp">
      <Filter>Source Files</Filter>
    </ClCompile>
    <ClCompile Include="CPxShape.cpp">
      <Filter>Source Files</Filter>
    </ClCompile>
    <ClCompile Include="CPxSimpleFactory.cpp">
      <Filter>Source Files</Filter>
    </ClCompile>
    <ClCompile Include="CPxFilterData.cpp">
      <Filter>Source Files</Filter>
    </ClCompile>
    <ClCompile Include="CPxContactPairHeader.cpp">
      <Filter>Source Files</Filter>
    </ClCompile>
  </ItemGroup>
  <ItemGroup>
    <ClInclude Include="include\CExtSimpleFactory.h">
      <Filter>Header Files</Filter>
    </ClInclude>
    <ClInclude Include="include\CPxActor.h">
      <Filter>Header Files</Filter>
    </ClInclude>
    <ClInclude Include="include\CPxBoxGeometry.h">
      <Filter>Header Files</Filter>
    </ClInclude>
    <ClInclude Include="include\CPxCpuDispatcher.h">
      <Filter>Header Files</Filter>
    </ClInclude>
    <ClInclude Include="include\CPxDefaultCpuDispatcher.h">
      <Filter>Header Files</Filter>
    </ClInclude>
    <ClInclude Include="include\CPxFoundation.h">
      <Filter>Header Files</Filter>
    </ClInclude>
    <ClInclude Include="include\CPxGeometry.h">
      <Filter>Header Files</Filter>
    </ClInclude>
    <ClInclude Include="include\CPxMaterial.h">
      <Filter>Header Files</Filter>
    </ClInclude>
    <ClInclude Include="include\CPxPhysics.h">
      <Filter>Header Files</Filter>
    </ClInclude>
    <ClInclude Include="include\CPxPlane.h">
      <Filter>Header Files</Filter>
    </ClInclude>
    <ClInclude Include="include\CPxPvd.h">
      <Filter>Header Files</Filter>
    </ClInclude>
    <ClInclude Include="include\CPxPvdSceneClient.h">
      <Filter>Header Files</Filter>
    </ClInclude>
    <ClInclude Include="include\CPxPvdTransport.h">
      <Filter>Header Files</Filter>
    </ClInclude>
    <ClInclude Include="include\CPxQuat.h">
      <Filter>Header Files</Filter>
    </ClInclude>
    <ClInclude Include="include\CPxRigidDynamic.h">
      <Filter>Header Files</Filter>
    </ClInclude>
    <ClInclude Include="include\CPxRigidStatic.h">
      <Filter>Header Files</Filter>
    </ClInclude>
    <ClInclude Include="include\CPxScene.h">
      <Filter>Header Files</Filter>
    </ClInclude>
    <ClInclude Include="include\CPxSceneDesc.h">
      <Filter>Header Files</Filter>
    </ClInclude>
    <ClInclude Include="include\CPxSphereGeometry.h">
      <Filter>Header Files</Filter>
    </ClInclude>
    <ClInclude Include="include\CPxTolerancesScale.h">
      <Filter>Header Files</Filter>
    </ClInclude>
    <ClInclude Include="include\CPxTransform.h">
      <Filter>Header Files</Filter>
    </ClInclude>
    <ClInclude Include="include\CPxVec3.h">
      <Filter>Header Files</Filter>
    </ClInclude>
    <ClInclude Include="include\CPxCapsuleGeometry.h">
      <Filter>Header Files</Filter>
    </ClInclude>
    <ClInclude Include="include\CPxForceMode.h">
      <Filter>Header Files</Filter>
    </ClInclude>
    <ClInclude Include="include\CPxRigidBodyFlag.h">
      <Filter>Header Files</Filter>
    </ClInclude>
    <ClInclude Include="include\CPxRigidDynamicLockFlag.h">
      <Filter>Header Files</Filter>
    </ClInclude>
    <ClInclude Include="CPxTransformHelpers.h">
      <Filter>Header Files</Filter>
    </ClInclude>
    <ClInclude Include="include\CPxRigidActorExt.h">
      <Filter>Header Files</Filter>
    </ClInclude>
    <ClInclude Include="include\CPxRigidActor.h">
      <Filter>Header Files</Filter>
    </ClInclude>
    <ClInclude Include="include\CPxShapeFlags.h">
      <Filter>Header Files</Filter>
    </ClInclude>
    <ClInclude Include="include\CPxShape.h">
      <Filter>Header Files</Filter>
    </ClInclude>
    <ClInclude Include="include\CPxSimpleFactory.h">
      <Filter>Header Files</Filter>
    </ClInclude>
    <ClInclude Include="include\CPxFilterData.h">
      <Filter>Header Files</Filter>
    </ClInclude>
    <ClInclude Include="CPxDefaultAllocator.h">
      <Filter>Source Files</Filter>
    </ClInclude>
    <ClInclude Include="include\CPxContactPairHeader.h">
      <Filter>Header Files</Filter>
    </ClInclude>
  </ItemGroup>
</Project>